{
  "requires": true,
  "lockfileVersion": 1,
  "dependencies": {
    "@emmetio/abbreviation": {
      "version": "2.2.0",
      "resolved": "https://registry.npmjs.org/@emmetio/abbreviation/-/abbreviation-2.2.0.tgz",
      "integrity": "sha512-NPGVUmnr7cLj4i6MKS4c8NjuoIIJROrruJl/8nXsp2MdbDRHvtfq25foySvv/NbfqTQm+P9JzVLDD9JxGIpvkQ==",
      "requires": {
        "@emmetio/scanner": "^1.0.0"
      }
    },
    "@emmetio/css-abbreviation": {
      "version": "2.1.2",
      "resolved": "https://registry.npmjs.org/@emmetio/css-abbreviation/-/css-abbreviation-2.1.2.tgz",
      "integrity": "sha512-CvYTzJltVpLqJaCZ1Qn97LVAKsl2Uwl2fzir1EX/WuMY3xWxgc3BWRCheL6k65km6GyDrLVl6RhrrNb/pxOiAQ==",
      "requires": {
        "@emmetio/scanner": "^1.0.0"
      }
    },
    "@emmetio/scanner": {
      "version": "1.0.0",
      "resolved": "https://registry.npmjs.org/@emmetio/scanner/-/scanner-1.0.0.tgz",
      "integrity": "sha512-8HqW8EVqjnCmWXVpqAOZf+EGESdkR27odcMMMGefgKXtar00SoYNSryGv//TELI4T3QFsECo78p+0lmalk/CFA=="
    },
    "emmet": {
      "version": "2.3.0",
      "resolved": "https://registry.npmjs.org/emmet/-/emmet-2.3.0.tgz",
      "integrity": "sha512-/9jfXVKjODNt1QBpMkfUp2SlyYNfi0CcWLpiYCQmwnsLmME/To3lScw+Ip4V7Pasp0O0uYUU0Um0M9ewSIfx3g==",
      "requires": {
        "@emmetio/abbreviation": "^2.2.0",
        "@emmetio/css-abbreviation": "^2.1.2"
      }
    }
  }
}
